// !$*UTF8*$!
{
	archiveVersion = 1;
	classes = {
	};
	objectVersion = 50;
	objects = {

/* Begin PBXBuildFile section */
		7586F97523408C16008BC545 /* AppDelegate.swift in Sources */ = {isa = PBXBuildFile; fileRef = 7586F97423408C16008BC545 /* AppDelegate.swift */; };
		7586F97A23408C16008BC545 /* Main.storyboard in Resources */ = {isa = PBXBuildFile; fileRef = 7586F97823408C16008BC545 /* Main.storyboard */; };
		7586F97C23408C18008BC545 /* Assets.xcassets in Resources */ = {isa = PBXBuildFile; fileRef = 7586F97B23408C18008BC545 /* Assets.xcassets */; };
		7586F97F23408C18008BC545 /* LaunchScreen.storyboard in Resources */ = {isa = PBXBuildFile; fileRef = 7586F97D23408C18008BC545 /* LaunchScreen.storyboard */; };
		7586F98A23408CE5008BC545 /* ButtonTableViewCell.swift in Sources */ = {isa = PBXBuildFile; fileRef = 7586F98923408CE5008BC545 /* ButtonTableViewCell.swift */; };
		7586F98C23408D02008BC545 /* ButtonInCell_VC.swift in Sources */ = {isa = PBXBuildFile; fileRef = 7586F98B23408D02008BC545 /* ButtonInCell_VC.swift */; };
		75C0FE012340A53C004DEB7E /* Dropdown.swift in Sources */ = {isa = PBXBuildFile; fileRef = 75C0FE002340A53C004DEB7E /* Dropdown.swift */; };
		75C0FE052340AE2F004DEB7E /* MultipleSectionVC.swift in Sources */ = {isa = PBXBuildFile; fileRef = 75C0FE042340AE2F004DEB7E /* MultipleSectionVC.swift */; };
		75C0FE092340B6E4004DEB7E /* SectionDropDownVC.swift in Sources */ = {isa = PBXBuildFile; fileRef = 75C0FE082340B6E3004DEB7E /* SectionDropDownVC.swift */; };
		75C0FE0B2340B72E004DEB7E /* DataModel.swift in Sources */ = {isa = PBXBuildFile; fileRef = 75C0FE0A2340B72E004DEB7E /* DataModel.swift */; };
		75C0FE0D2340B800004DEB7E /* HeaderView.swift in Sources */ = {isa = PBXBuildFile; fileRef = 75C0FE0C2340B800004DEB7E /* HeaderView.swift */; };
/* End PBXBuildFile section */

/* Begin PBXFileReference section */
		7586F97123408C16008BC545 /* TableViews.app */ = {isa = PBXFileReference; explicitFileType = wrapper.application; includeInIndex = 0; path = TableViews.app; sourceTree = BUILT_PRODUCTS_DIR; };
		7586F97423408C16008BC545 /* AppDelegate.swift */ = {isa = PBXFileReference; lastKnownFileType = sourcecode.swift; path = AppDelegate.swift; sourceTree = "<group>"; };
		7586F97923408C16008BC545 /* Base */ = {isa = PBXFileReference; lastKnownFileType = file.storyboard; name = Base; path = Base.lproj/Main.storyboard; sourceTree = "<group>"; };
		7586F97B23408C18008BC545 /* Assets.xcassets */ = {isa = PBXFileReference; lastKnownFileType = folder.assetcatalog; path = Assets.xcassets; sourceTree = "<group>"; };
		7586F97E23408C18008BC545 /* Base */ = {isa = PBXFileReference; lastKnownFileType = file.storyboard; name = Base; path = Base.lproj/LaunchScreen.storyboard; sourceTree = "<group>"; };
		7586F98023408C18008BC545 /* Info.plist */ = {isa = PBXFileReference; lastKnownFileType = text.plist.xml; path = Info.plist; sourceTree = "<group>"; };
		7586F98923408CE5008BC545 /* ButtonTableViewCell.swift */ = {isa = PBXFileReference; lastKnownFileType = sourcecode.swift; path = ButtonTableViewCell.swift; sourceTree = "<group>"; };
		7586F98B23408D02008BC545 /* ButtonInCell_VC.swift */ = {isa = PBXFileReference; lastKnownFileType = sourcecode.swift; path = ButtonInCell_VC.swift; sourceTree = "<group>"; };
		75C0FE002340A53C004DEB7E /* Dropdown.swift */ = {isa = PBXFileReference; lastKnownFileType = sourcecode.swift; path = Dropdown.swift; sourceTree = "<group>"; };
		75C0FE042340AE2F004DEB7E /* MultipleSectionVC.swift */ = {isa = PBXFileReference; lastKnownFileType = sourcecode.swift; path = MultipleSectionVC.swift; sourceTree = "<group>"; };
		75C0FE082340B6E3004DEB7E /* SectionDropDownVC.swift */ = {isa = PBXFileReference; lastKnownFileType = sourcecode.swift; path = SectionDropDownVC.swift; sourceTree = "<group>"; };
		75C0FE0A2340B72E004DEB7E /* DataModel.swift */ = {isa = PBXFileReference; lastKnownFileType = sourcecode.swift; path = DataModel.swift; sourceTree = "<group>"; };
		75C0FE0C2340B800004DEB7E /* HeaderView.swift */ = {isa = PBXFileReference; lastKnownFileType = sourcecode.swift; path = HeaderView.swift; sourceTree = "<group>"; };
/* End PBXFileReference section */

/* Begin PBXFrameworksBuildPhase section */
		7586F96E23408C16008BC545 /* Frameworks */ = {
			isa = PBXFrameworksBuildPhase;
			buildActionMask = 2147483647;
			files = (
			);
			runOnlyForDeploymentPostprocessing = 0;
		};
/* End PBXFrameworksBuildPhase section */

/* Begin PBXGroup section */
		7586F96823408C16008BC545 = {
			isa = PBXGroup;
			children = (
				7586F97323408C16008BC545 /* TableViews */,
				7586F97223408C16008BC545 /* Products */,
			);
			sourceTree = "<group>";
		};
		7586F97223408C16008BC545 /* Products */ = {
			isa = PBXGroup;
			children = (
				7586F97123408C16008BC545 /* TableViews.app */,
			);
			name = Products;
			sourceTree = "<group>";
		};
		7586F97323408C16008BC545 /* TableViews */ = {
			isa = PBXGroup;
			children = (
				7586F97423408C16008BC545 /* AppDelegate.swift */,
				75C0FE062340B568004DEB7E /* Section Drop down */,
				75C0FE022340A998004DEB7E /* Multiple Section */,
				75C0FDFE2340A4FE004DEB7E /* Drop Down on Button */,
				7586F98623408C86008BC545 /* Button action in Cell */,
				7586F97823408C16008BC545 /* Main.storyboard */,
				7586F97B23408C18008BC545 /* Assets.xcassets */,
				7586F97D23408C18008BC545 /* LaunchScreen.storyboard */,
				7586F98023408C18008BC545 /* Info.plist */,
			);
			path = TableViews;
			sourceTree = "<group>";
		};
		7586F98623408C86008BC545 /* Button action in Cell */ = {
			isa = PBXGroup;
			children = (
				7586F98823408CB3008BC545 /* View */,
				7586F98723408C98008BC545 /* Controller */,
			);
			path = "Button action in Cell";
			sourceTree = "<group>";
		};
		7586F98723408C98008BC545 /* Controller */ = {
			isa = PBXGroup;
			children = (
				7586F98B23408D02008BC545 /* ButtonInCell_VC.swift */,
			);
			path = Controller;
			sourceTree = "<group>";
		};
		7586F98823408CB3008BC545 /* View */ = {
			isa = PBXGroup;
			children = (
				7586F98923408CE5008BC545 /* ButtonTableViewCell.swift */,
			);
			path = View;
			sourceTree = "<group>";
		};
		75C0FDFE2340A4FE004DEB7E /* Drop Down on Button */ = {
			isa = PBXGroup;
			children = (
				75C0FDFF2340A511004DEB7E /* Controller */,
			);
			path = "Drop Down on Button";
			sourceTree = "<group>";
		};
		75C0FDFF2340A511004DEB7E /* Controller */ = {
			isa = PBXGroup;
			children = (
				75C0FE002340A53C004DEB7E /* Dropdown.swift */,
			);
			path = Controller;
			sourceTree = "<group>";
		};
		75C0FE022340A998004DEB7E /* Multiple Section */ = {
			isa = PBXGroup;
			children = (
				75C0FE032340A9B3004DEB7E /* Controller */,
			);
			path = "Multiple Section";
			sourceTree = "<group>";
		};
		75C0FE032340A9B3004DEB7E /* Controller */ = {
			isa = PBXGroup;
			children = (
				75C0FE042340AE2F004DEB7E /* MultipleSectionVC.swift */,
			);
			path = Controller;
			sourceTree = "<group>";
		};
		75C0FE062340B568004DEB7E /* Section Drop down */ = {
			isa = PBXGroup;
			children = (
				75C0FE0E2340B93C004DEB7E /* Model */,
				75C0FE0F2340B945004DEB7E /* View */,
				75C0FE072340B5E8004DEB7E /* Controller */,
			);
			path = "Section Drop down";
			sourceTree = "<group>";
		};
		75C0FE072340B5E8004DEB7E /* Controller */ = {
			isa = PBXGroup;
			children = (
				75C0FE082340B6E3004DEB7E /* SectionDropDownVC.swift */,
			);
			path = Controller;
			sourceTree = "<group>";
		};
		75C0FE0E2340B93C004DEB7E /* Model */ = {
			isa = PBXGroup;
			children = (
				75C0FE0A2340B72E004DEB7E /* DataModel.swift */,
			);
			path = Model;
			sourceTree = "<group>";
		};
		75C0FE0F2340B945004DEB7E /* View */ = {
			isa = PBXGroup;
			children = (
				75C0FE0C2340B800004DEB7E /* HeaderView.swift */,
			);
			path = View;
			sourceTree = "<group>";
		};
/* End PBXGroup section */

/* Begin PBXNativeTarget section */
		7586F97023408C16008BC545 /* TableViews */ = {
			isa = PBXNativeTarget;
			buildConfigurationList = 7586F98323408C18008BC545 /* Build configuration list for PBXNativeTarget "TableViews" */;
			buildPhases = (
				7586F96D23408C16008BC545 /* Sources */,
				7586F96E23408C16008BC545 /* Frameworks */,
				7586F96F23408C16008BC545 /* Resources */,
			);
			buildRules = (
			);
			dependencies = (
			);
			name = TableViews;
			productName = TableViews;
			productReference = 7586F97123408C16008BC545 /* TableViews.app */;
			productType = "com.apple.product-type.application";
		};
/* End PBXNativeTarget section */

/* Begin PBXProject section */
		7586F96923408C16008BC545 /* Project object */ = {
			isa = PBXProject;
			attributes = {
				LastSwiftUpdateCheck = 1010;
				LastUpgradeCheck = 1010;
				ORGANIZATIONNAME = "Anurag Kashyap";
				TargetAttributes = {
					7586F97023408C16008BC545 = {
						CreatedOnToolsVersion = 10.1;
					};
				};
			};
			buildConfigurationList = 7586F96C23408C16008BC545 /* Build configuration list for PBXProject "TableViews" */;
			compatibilityVersion = "Xcode 9.3";
			developmentRegion = en;
			hasScannedForEncodings = 0;
			knownRegions = (
				en,
				Base,
			);
			mainGroup = 7586F96823408C16008BC545;
			productRefGroup = 7586F97223408C16008BC545 /* Products */;
			projectDirPath = "";
			projectRoot = "";
			targets = (
				7586F97023408C16008BC545 /* TableViews */,
			);
		};
/* End PBXProject section */

/* Begin PBXResourcesBuildPhase section */
		7586F96F23408C16008BC545 /* Resources */ = {
			isa = PBXResourcesBuildPhase;
			buildActionMask = 2147483647;
			files = (
				7586F97F23408C18008BC545 /* LaunchScreen.storyboard in Resources */,
				7586F97C23408C18008BC545 /* Assets.xcassets in Resources */,
				7586F97A23408C16008BC545 /* Main.storyboard in Resources */,
			);
			runOnlyForDeploymentPostprocessing = 0;
		};
/* End PBXResourcesBuildPhase section */

/* Begin PBXSourcesBuildPhase section */
		7586F96D23408C16008BC545 /* Sources */ = {
			isa = PBXSourcesBuildPhase;
			buildActionMask = 2147483647;
			files = (
				75C0FE0B2340B72E004DEB7E /* DataModel.swift in Sources */,
				7586F98A23408CE5008BC545 /* ButtonTableViewCell.swift in Sources */,
				75C0FE052340AE2F004DEB7E /* MultipleSectionVC.swift in Sources */,
				7586F97523408C16008BC545 /* AppDelegate.swift in Sources */,
				75C0FE092340B6E4004DEB7E /* SectionDropDownVC.swift in Sources */,
				75C0FE012340A53C004DEB7E /* Dropdown.swift in Sources */,
				7586F98C23408D02008BC545 /* ButtonInCell_VC.swift in Sources */,
				75C0FE0D2340B800004DEB7E /* HeaderView.swift in Sources */,
			);
			runOnlyForDeploymentPostprocessing = 0;
		};
/* End PBXSourcesBuildPhase section */

/* Begin PBXVariantGroup section */
		7586F97823408C16008BC545 /* Main.storyboard */ = {
			isa = PBXVariantGroup;
			children = (
				7586F97923408C16008BC545 /* Base */,
			);
			name = Main.storyboard;
			sourceTree = "<group>";
		};
		7586F97D23408C18008BC545 /* LaunchScreen.storyboard */ = {
			isa = PBXVariantGroup;
			children = (
				7586F97E23408C18008BC545 /* Base */,
			);
			name = LaunchScreen.storyboard;
			sourceTree = "<group>";
		};
/* End PBXVariantGroup section */

/* Begin XCBuildConfiguration section */
		7586F98123408C18008BC545 /* Debug */ = {
			isa = XCBuildConfiguration;
			buildSettings = {
				ALWAYS_SEARCH_USER_PATHS = NO;
				CLANG_ANALYZER_NONNULL = YES;
				CLANG_ANALYZER_NUMBER_OBJECT_CONVERSION = YES_AGGRESSIVE;
				CLANG_CXX_LANGUAGE_STANDARD = "gnu++14";
				CLANG_CXX_LIBRARY = "libc++";
				CLANG_ENABLE_MODULES = YES;
				CLANG_ENABLE_OBJC_ARC = YES;
				CLANG_ENABLE_OBJC_WEAK = YES;
				CLANG_WARN_BLOCK_CAPTURE_AUTORELEASING = YES;
				CLANG_WARN_BOOL_CONVERSION = YES;
				CLANG_WARN_COMMA = YES;
				CLANG_WARN_CONSTANT_CONVERSION = YES;
				CLANG_WARN_DEPRECATED_OBJC_IMPLEMENTATIONS = YES;
				CLANG_WARN_DIRECT_OBJC_ISA_USAGE = YES_ERROR;
				CLANG_WARN_DOCUMENTATION_COMMENTS = YES;
				CLANG_WARN_EMPTY_BODY = YES;
				CLANG_WARN_ENUM_CONVERSION = YES;
				CLANG_WARN_INFINITE_RECURSION = YES;
				CLANG_WARN_INT_CONVERSION = YES;
				CLANG_WARN_NON_LITERAL_NULL_CONVERSION = YES;
				CLANG_WARN_OBJC_IMPLICIT_RETAIN_SELF = YES;
				CLANG_WARN_OBJC_LITERAL_CONVERSION = YES;
				CLANG_WARN_OBJC_ROOT_CLASS = YES_ERROR;
				CLANG_WARN_RANGE_LOOP_ANALYSIS = YES;
				CLANG_WARN_STRICT_PROTOTYPES = YES;
				CLANG_WARN_SUSPICIOUS_MOVE = YES;
				CLANG_WARN_UNGUARDED_AVAILABILITY = YES_AGGRESSIVE;
				CLANG_WARN_UNREACHABLE_CODE = YES;
				CLANG_WARN__DUPLICATE_METHOD_MATCH = YES;
				CODE_SIGN_IDENTITY = "iPhone Developer";
				COPY_PHASE_STRIP = NO;
				DEBUG_INFORMATION_FORMAT = dwarf;
				ENABLE_STRICT_OBJC_MSGSEND = YES;
				ENABLE_TESTABILITY = YES;
				GCC_C_LANGUAGE_STANDARD = gnu11;
				GCC_DYNAMIC_NO_PIC = NO;
				GCC_NO_COMMON_BLOCKS = YES;
				GCC_OPTIMIZATION_LEVEL = 0;
				GCC_PREPROCESSOR_DEFINITIONS = (
					"DEBUG=1",
					"$(inherited)",
				);
				GCC_WARN_64_TO_32_BIT_CONVERSION = YES;
				GCC_WARN_ABOUT_RETURN_TYPE = YES_ERROR;
				GCC_WARN_UNDECLARED_SELECTOR = YES;
				GCC_WARN_UNINITIALIZED_AUTOS = YES_AGGRESSIVE;
				GCC_WARN_UNUSED_FUNCTION = YES;
				GCC_WARN_UNUSED_VARIABLE = YES;
				IPHONEOS_DEPLOYMENT_TARGET = 12.1;
				MTL_ENABLE_DEBUG_INFO = INCLUDE_SOURCE;
				MTL_FAST_MATH = YES;
				ONLY_ACTIVE_ARCH = YES;
				SDKROOT = iphoneos;
				SWIFT_ACTIVE_COMPILATION_CONDITIONS = DEBUG;
				SWIFT_OPTIMIZATION_LEVEL = "-Onone";
			};
			name = Debug;
		};
		7586F98223408C18008BC545 /* Release */ = {
			isa = XCBuildConfiguration;
			buildSettings = {
				ALWAYS_SEARCH_USER_PATHS = NO;
				CLANG_ANALYZER_NONNULL = YES;
				CLANG_ANALYZER_NUMBER_OBJECT_CONVERSION = YES_AGGRESSIVE;
				CLANG_CXX_LANGUAGE_STANDARD = "gnu++14";
				CLANG_CXX_LIBRARY = "libc++";
				CLANG_ENABLE_MODULES = YES;
				CLANG_ENABLE_OBJC_ARC = YES;
				CLANG_ENABLE_OBJC_WEAK = YES;
				CLANG_WARN_BLOCK_CAPTURE_AUTORELEASING = YES;
				CLANG_WARN_BOOL_CONVERSION = YES;
				CLANG_WARN_COMMA = YES;
				CLANG_WARN_CONSTANT_CONVERSION = YES;
				CLANG_WARN_DEPRECATED_OBJC_IMPLEMENTATIONS = YES;
				CLANG_WARN_DIRECT_OBJC_ISA_USAGE = YES_ERROR;
				CLANG_WARN_DOCUMENTATION_COMMENTS = YES;
				CLANG_WARN_EMPTY_BODY = YES;
				CLANG_WARN_ENUM_CONVERSION = YES;
				CLANG_WARN_INFINITE_RECURSION = YES;
				CLANG_WARN_INT_CONVERSION = YES;
				CLANG_WARN_NON_LITERAL_NULL_CONVERSION = YES;
				CLANG_WARN_OBJC_IMPLICIT_RETAIN_SELF = YES;
				CLANG_WARN_OBJC_LITERAL_CONVERSION = YES;
				CLANG_WARN_OBJC_ROOT_CLASS = YES_ERROR;
				CLANG_WARN_RANGE_LOOP_ANALYSIS = YES;
				CLANG_WARN_STRICT_PROTOTYPES = YES;
				CLANG_WARN_SUSPICIOUS_MOVE = YES;
				CLANG_WARN_UNGUARDED_AVAILABILITY = YES_AGGRESSIVE;
				CLANG_WARN_UNREACHABLE_CODE = YES;
				CLANG_WARN__DUPLICATE_METHOD_MATCH = YES;
				CODE_SIGN_IDENTITY = "iPhone Developer";
				COPY_PHASE_STRIP = NO;
				DEBUG_INFORMATION_FORMAT = "dwarf-with-dsym";
				ENABLE_NS_ASSERTIONS = NO;
				ENABLE_STRICT_OBJC_MSGSEND = YES;
				GCC_C_LANGUAGE_STANDARD = gnu11;
				GCC_NO_COMMON_BLOCKS = YES;
				GCC_WARN_64_TO_32_BIT_CONVERSION = YES;
				GCC_WARN_ABOUT_RETURN_TYPE = YES_ERROR;
				GCC_WARN_UNDECLARED_SELECTOR = YES;
				GCC_WARN_UNINITIALIZED_AUTOS = YES_AGGRESSIVE;
				GCC_WARN_UNUSED_FUNCTION = YES;
				GCC_WARN_UNUSED_VARIABLE = YES;
				IPHONEOS_DEPLOYMENT_TARGET = 12.1;
				MTL_ENABLE_DEBUG_INFO = NO;
				MTL_FAST_MATH = YES;
				SDKROOT = iphoneos;
				SWIFT_COMPILATION_MODE = wholemodule;
				SWIFT_OPTIMIZATION_LEVEL = "-O";
				VALIDATE_PRODUCT = YES;
			};
			name = Release;
		};
		7586F98423408C18008BC545 /* Debug */ = {
			isa = XCBuildConfiguration;
			buildSettings = {
				ASSETCATALOG_COMPILER_APPICON_NAME = AppIcon;
				CODE_SIGN_STYLE = Automatic;
				DEVELOPMENT_TEAM = 82SXQJ577Y;
				INFOPLIST_FILE = TableViews/Info.plist;
				LD_RUNPATH_SEARCH_PATHS = (
					"$(inherited)",
					"@executable_path/Frameworks",
				);
				PRODUCT_BUNDLE_IDENTIFIER = com.AppAttack.TableViews;
				PRODUCT_NAME = "$(TARGET_NAME)";
				SWIFT_VERSION = 4.2;
				TARGETED_DEVICE_FAMILY = "1,2";
			};
			name = Debug;
		};
		7586F98523408C18008BC545 /* Release */ = {
			isa = XCBuildConfiguration;
			buildSettings = {
				ASSETCATALOG_COMPILER_APPICON_NAME = AppIcon;
				CODE_SIGN_STYLE = Automatic;
				DEVELOPMENT_TEAM = 82SXQJ577Y;
				INFOPLIST_FILE = TableViews/Info.plist;
				LD_RUNPATH_SEARCH_PATHS = (
					"$(inherited)",
					"@executable_path/Frameworks",
				);
				PRODUCT_BUNDLE_IDENTIFIER = com.AppAttack.TableViews;
				PRODUCT_NAME = "$(TARGET_NAME)";
				SWIFT_VERSION = 4.2;
				TARGETED_DEVICE_FAMILY = "1,2";
			};
			name = Release;
		};
/* End XCBuildConfiguration section */

/* Begin XCConfigurationList section */
		7586F96C23408C16008BC545 /* Build configuration list for PBXProject "TableViews" */ = {
			isa = XCConfigurationList;
			buildConfigurations = (
				7586F98123408C18008BC545 /* Debug */,
				7586F98223408C18008BC545 /* Release */,
			);
			defaultConfigurationIsVisible = 0;
			defaultConfigurationName = Release;
		};
		7586F98323408C18008BC545 /* Build configuration list for PBXNativeTarget "TableViews" */ = {
			isa = XCConfigurationList;
			buildConfigurations = (
				7586F98423408C18008BC545 /* Debug */,
				7586F98523408C18008BC545 /* Release */,
			);
			defaultConfigurationIsVisible = 0;
			defaultConfigurationName = Release;
		};
/* End XCConfigurationList section */
	};
	rootObject = 7586F96923408C16008BC545 /* Project object */;
}
